// !$*UTF8*$!
{
	archiveVersion = 1;
	classes = {
	};
	objectVersion = 77;
	objects = {

/* Begin PBXBuildFile section */
		F5476B1D2E9B1ED600656F06 /* GoogleSignIn in Frameworks */ = {isa = PBXBuildFile; productRef = F5476B1C2E9B1ED600656F06 /* GoogleSignIn */; };
		F5476B1F2E9B1ED600656F06 /* GoogleSignInSwift in Frameworks */ = {isa = PBXBuildFile; productRef = F5476B1E2E9B1ED600656F06 /* GoogleSignInSwift */; };
		F5476B222E9B1F3400656F06 /* FirebaseAuth in Frameworks */ = {isa = PBXBuildFile; productRef = F5476B212E9B1F3400656F06 /* FirebaseAuth */; };
		F5476B242E9B1F3400656F06 /* FirebaseCore in Frameworks */ = {isa = PBXBuildFile; productRef = F5476B232E9B1F3400656F06 /* FirebaseCore */; };
		F5476B262E9B1F3400656F06 /* FirebaseFirestore in Frameworks */ = {isa = PBXBuildFile; productRef = F5476B252E9B1F3400656F06 /* FirebaseFirestore */; };
		F5476B282E9B223200656F06 /* FirebaseManager.swift in Sources */ = {isa = PBXBuildFile; fileRef = F5476B272E9B222A00656F06 /* FirebaseManager.swift */; };
		F5476B2A2E9B225A00656F06 /* AuthService.swift in Sources */ = {isa = PBXBuildFile; fileRef = F5476B292E9B225200656F06 /* AuthService.swift */; };
		F5476B2C2E9B227B00656F06 /* AuthViewModel.swift in Sources */ = {isa = PBXBuildFile; fileRef = F5476B2B2E9B227100656F06 /* AuthViewModel.swift */; };
		F5476B302E9B2FF600656F06 /* LoginView.swift in Sources */ = {isa = PBXBuildFile; fileRef = F5476B2F2E9B2FF300656F06 /* LoginView.swift */; };
		F5476B322E9B434A00656F06 /* ProfileService.swift in Sources */ = {isa = PBXBuildFile; fileRef = F5476B312E9B433C00656F06 /* ProfileService.swift */; };
		F5476B352E9B530600656F06 /* RoutineService.swift in Sources */ = {isa = PBXBuildFile; fileRef = F5476B342E9B530100656F06 /* RoutineService.swift */; };
		F5476B372E9B6E5D00656F06 /* FavoritesService.swift in Sources */ = {isa = PBXBuildFile; fileRef = F5476B362E9B6E3D00656F06 /* FavoritesService.swift */; };
		FF608AC12E9B8EE3006E0773 /* SwiftDataModels.swift in Sources */ = {isa = PBXBuildFile; fileRef = FF608AC02E9B8EE3006E0773 /* SwiftDataModels.swift */; };
		FF608AC32E9B901D006E0773 /* SwiftDataService.swift in Sources */ = {isa = PBXBuildFile; fileRef = FF608AC22E9B901D006E0773 /* SwiftDataService.swift */; };
		FF608AC52E9B9029006E0773 /* SettingsViewModel.swift in Sources */ = {isa = PBXBuildFile; fileRef = FF608AC42E9B9029006E0773 /* SettingsViewModel.swift */; };
		FF608B172E9BAD59006E0773 /* WidgetKit.framework in Frameworks */ = {isa = PBXBuildFile; fileRef = FF608AF92E9BACCB006E0773 /* WidgetKit.framework */; };
		FF608B182E9BAD59006E0773 /* SwiftUI.framework in Frameworks */ = {isa = PBXBuildFile; fileRef = FF608AFB2E9BACCB006E0773 /* SwiftUI.framework */; };
		FF608B292E9BAD5B006E0773 /* SkinSyncWidgetsExtension.appex in Embed Foundation Extensions */ = {isa = PBXBuildFile; fileRef = FF608B162E9BAD59006E0773 /* SkinSyncWidgetsExtension.appex */; settings = {ATTRIBUTES = (RemoveHeadersOnCopy, ); }; };
		FF608BB22E9BD642006E0773 /* XCTest.framework in Frameworks */ = {isa = PBXBuildFile; fileRef = FF608BB12E9BD641006E0773 /* XCTest.framework */; platformFilter = ios; };
		FF608C002E9BDF70006E0773 /* SkinSync.docc in Sources */ = {isa = PBXBuildFile; fileRef = FF608BFF2E9BDF70006E0773 /* SkinSync.docc */; };
		FF6D2FB42E9AB09900AB353D /* SyncAIView.swift in Sources */ = {isa = PBXBuildFile; fileRef = FF6D2FB32E9AB09900AB353D /* SyncAIView.swift */; };
		FF6D2FB62E9AB3FA00AB353D /* OpenAIService.swift in Sources */ = {isa = PBXBuildFile; fileRef = FF6D2FB52E9AB3FA00AB353D /* OpenAIService.swift */; };
		FF6D2FB82E9AB40600AB353D /* SyncAIViewModel.swift in Sources */ = {isa = PBXBuildFile; fileRef = FF6D2FB72E9AB40600AB353D /* SyncAIViewModel.swift */; };
		FF6D2FBA2E9AC83400AB353D /* ProfileEditorViews.swift in Sources */ = {isa = PBXBuildFile; fileRef = FF6D2FB92E9AC83400AB353D /* ProfileEditorViews.swift */; };
		FF70F3812E98E66A00728BC5 /* ScannerPage.swift in Sources */ = {isa = PBXBuildFile; fileRef = FF70F3802E98E66A00728BC5 /* ScannerPage.swift */; };
		FF70F3832E9A32D900728BC5 /* RoutineView.swift in Sources */ = {isa = PBXBuildFile; fileRef = FF70F3822E9A32D900728BC5 /* RoutineView.swift */; };
		FF70F3852E9A33C000728BC5 /* NotificationViewModel.swift in Sources */ = {isa = PBXBuildFile; fileRef = FF70F3842E9A33C000728BC5 /* NotificationViewModel.swift */; };
		FF935B032E62056200D412DD /* products.json in Resources */ = {isa = PBXBuildFile; fileRef = FF935AF82E62056200D412DD /* products.json */; };
		FF935B042E62056200D412DD /* SkinSyncApp.swift in Sources */ = {isa = PBXBuildFile; fileRef = FF935AF32E62056200D412DD /* SkinSyncApp.swift */; };
		FF935B052E62056200D412DD /* DataStore.swift in Sources */ = {isa = PBXBuildFile; fileRef = FF935AFA2E62056200D412DD /* DataStore.swift */; };
		FF935B062E62056200D412DD /* ImageLoader.swift in Sources */ = {isa = PBXBuildFile; fileRef = FF935AFB2E62056200D412DD /* ImageLoader.swift */; };
		FF935B072E62056200D412DD /* AppModel.swift in Sources */ = {isa = PBXBuildFile; fileRef = FF935AF22E62056200D412DD /* AppModel.swift */; };
		FF935B092E62056200D412DD /* Theme.swift in Sources */ = {isa = PBXBuildFile; fileRef = FF935AF42E62056200D412DD /* Theme.swift */; };
		FF935B0A2E62056200D412DD /* IngredientCloudLayout.swift in Sources */ = {isa = PBXBuildFile; fileRef = FF935AFD2E62056200D412DD /* IngredientCloudLayout.swift */; };
		FF935B0B2E62056200D412DD /* Domain.swift in Sources */ = {isa = PBXBuildFile; fileRef = FF935AF62E62056200D412DD /* Domain.swift */; };
		FF935B0C2E62056200D412DD /* RootAndScreens.swift in Sources */ = {isa = PBXBuildFile; fileRef = FF935B012E62056200D412DD /* RootAndScreens.swift */; };
		FF935B0E2E620D2900D412DD /* NotificationScheduler.swift in Sources */ = {isa = PBXBuildFile; fileRef = FF935B0D2E620D1A00D412DD /* NotificationScheduler.swift */; };
		FF935B102E620D4700D412DD /* APIs.swift in Sources */ = {isa = PBXBuildFile; fileRef = FF935B0F2E620D4100D412DD /* APIs.swift */; };
		FF935B122E620D5D00D412DD /* Camera.swift in Sources */ = {isa = PBXBuildFile; fileRef = FF935B112E620D5400D412DD /* Camera.swift */; };
		FF935B182E62191600D412DD /* MyRoutineScreen.swift in Sources */ = {isa = PBXBuildFile; fileRef = FF935B172E62190E00D412DD /* MyRoutineScreen.swift */; };
		FF935B2E2E62C4E200D412DD /* ProductsScreen.swift in Sources */ = {isa = PBXBuildFile; fileRef = FF935B2D2E62C4D300D412DD /* ProductsScreen.swift */; };
		FF935B302E62C51300D412DD /* ProductsViewModel.swift in Sources */ = {isa = PBXBuildFile; fileRef = FF935B2F2E62C50900D412DD /* ProductsViewModel.swift */; };
		FF935B322E62D34A00D412DD /* RoutineViewModel.swift in Sources */ = {isa = PBXBuildFile; fileRef = FF935B312E62D33D00D412DD /* RoutineViewModel.swift */; };
		FF935B342E62D36000D412DD /* HomeViewModel.swift in Sources */ = {isa = PBXBuildFile; fileRef = FF935B332E62D35900D412DD /* HomeViewModel.swift */; };
		FF935B362E62D37100D412DD /* ProfileViewModel.swift in Sources */ = {isa = PBXBuildFile; fileRef = FF935B352E62D36B00D412DD /* ProfileViewModel.swift */; };
		FF935B382E62D38000D412DD /* ScanViewModel.swift in Sources */ = {isa = PBXBuildFile; fileRef = FF935B372E62D37A00D412DD /* ScanViewModel.swift */; };
		FF935B772E63481200D412DD /* ProductDetailView.swift in Sources */ = {isa = PBXBuildFile; fileRef = FF935B762E63480200D412DD /* ProductDetailView.swift */; };
		FF935B7B2E63565900D412DD /* FavoritesScreen.swift in Sources */ = {isa = PBXBuildFile; fileRef = FF935B7A2E63564A00D412DD /* FavoritesScreen.swift */; };
		FF935B7D2E6366C700D412DD /* RemindersSettingsView.swift in Sources */ = {isa = PBXBuildFile; fileRef = FF935B7C2E6366BE00D412DD /* RemindersSettingsView.swift */; };
		FFE900F22E915D0E00DDC574 /* ProfileView.swift in Sources */ = {isa = PBXBuildFile; fileRef = FFE900F12E915D0E00DDC574 /* ProfileView.swift */; };
		FFE900F42E91656C00DDC574 /* UVIndexService.swift in Sources */ = {isa = PBXBuildFile; fileRef = FFE900F32E91656C00DDC574 /* UVIndexService.swift */; };
		FFE900F62E91658300DDC574 /* UVIndexViewModel.swift in Sources */ = {isa = PBXBuildFile; fileRef = FFE900F52E91658300DDC574 /* UVIndexViewModel.swift */; };
		FFE900F82E91659000DDC574 /* UVIndexView.swift in Sources */ = {isa = PBXBuildFile; fileRef = FFE900F72E91659000DDC574 /* UVIndexView.swift */; };
		FFE901BA2E98775200DDC574 /* ProductDetailViewModel.swift in Sources */ = {isa = PBXBuildFile; fileRef = FFE901B92E98775200DDC574 /* ProductDetailViewModel.swift */; };
		FFE901C22E987C6700DDC574 /* AssetOrRemoteImage.swift in Sources */ = {isa = PBXBuildFile; fileRef = FFE901C12E987C6700DDC574 /* AssetOrRemoteImage.swift */; };
		FFE901C42E98C98300DDC574 /* ProductRepository.swift in Sources */ = {isa = PBXBuildFile; fileRef = FFE901C32E98C98300DDC574 /* ProductRepository.swift */; };
/* End PBXBuildFile section */

/* Begin PBXContainerItemProxy section */
		FF608B272E9BAD5B006E0773 /* PBXContainerItemProxy */ = {
			isa = PBXContainerItemProxy;
			containerPortal = FF935A9E2E62031100D412DD /* Project object */;
			proxyType = 1;
			remoteGlobalIDString = FF608B152E9BAD59006E0773;
			remoteInfo = SkinSyncWidgetsExtension;
		};
		FF608B7C2E9BD429006E0773 /* PBXContainerItemProxy */ = {
			isa = PBXContainerItemProxy;
			containerPortal = FF935A9E2E62031100D412DD /* Project object */;
			proxyType = 1;
			remoteGlobalIDString = FF935AA52E62031200D412DD;
			remoteInfo = SkinSync;
		};
/* End PBXContainerItemProxy section */

/* Begin PBXCopyFilesBuildPhase section */
		FF608AEC2E9BA6D7006E0773 /* Embed Foundation Extensions */ = {
			isa = PBXCopyFilesBuildPhase;
			buildActionMask = 2147483647;
			dstPath = "";
			dstSubfolderSpec = 13;
			files = (
				FF608B292E9BAD5B006E0773 /* SkinSyncWidgetsExtension.appex in Embed Foundation Extensions */,
			);
			name = "Embed Foundation Extensions";
			runOnlyForDeploymentPostprocessing = 0;
		};
/* End PBXCopyFilesBuildPhase section */

/* Begin PBXFileReference section */
		F5476B272E9B222A00656F06 /* FirebaseManager.swift */ = {isa = PBXFileReference; lastKnownFileType = sourcecode.swift; path = FirebaseManager.swift; sourceTree = "<group>"; };
		F5476B292E9B225200656F06 /* AuthService.swift */ = {isa = PBXFileReference; lastKnownFileType = sourcecode.swift; path = AuthService.swift; sourceTree = "<group>"; };
		F5476B2B2E9B227100656F06 /* AuthViewModel.swift */ = {isa = PBXFileReference; lastKnownFileType = sourcecode.swift; path = AuthViewModel.swift; sourceTree = "<group>"; };
		F5476B2F2E9B2FF300656F06 /* LoginView.swift */ = {isa = PBXFileReference; lastKnownFileType = sourcecode.swift; path = LoginView.swift; sourceTree = "<group>"; };
		F5476B312E9B433C00656F06 /* ProfileService.swift */ = {isa = PBXFileReference; lastKnownFileType = sourcecode.swift; path = ProfileService.swift; sourceTree = "<group>"; };
		F5476B342E9B530100656F06 /* RoutineService.swift */ = {isa = PBXFileReference; lastKnownFileType = sourcecode.swift; path = RoutineService.swift; sourceTree = "<group>"; };
		F5476B362E9B6E3D00656F06 /* FavoritesService.swift */ = {isa = PBXFileReference; lastKnownFileType = sourcecode.swift; path = FavoritesService.swift; sourceTree = "<group>"; };
		FF608AC02E9B8EE3006E0773 /* SwiftDataModels.swift */ = {isa = PBXFileReference; lastKnownFileType = sourcecode.swift; path = SwiftDataModels.swift; sourceTree = "<group>"; };
		FF608AC22E9B901D006E0773 /* SwiftDataService.swift */ = {isa = PBXFileReference; lastKnownFileType = sourcecode.swift; path = SwiftDataService.swift; sourceTree = "<group>"; };
		FF608AC42E9B9029006E0773 /* SettingsViewModel.swift */ = {isa = PBXFileReference; lastKnownFileType = sourcecode.swift; path = SettingsViewModel.swift; sourceTree = "<group>"; };
		FF608AF92E9BACCB006E0773 /* WidgetKit.framework */ = {isa = PBXFileReference; lastKnownFileType = wrapper.framework; name = WidgetKit.framework; path = System/Library/Frameworks/WidgetKit.framework; sourceTree = SDKROOT; };
		FF608AFB2E9BACCB006E0773 /* SwiftUI.framework */ = {isa = PBXFileReference; lastKnownFileType = wrapper.framework; name = SwiftUI.framework; path = System/Library/Frameworks/SwiftUI.framework; sourceTree = SDKROOT; };
		FF608B162E9BAD59006E0773 /* SkinSyncWidgetsExtension.appex */ = {isa = PBXFileReference; explicitFileType = "wrapper.app-extension"; includeInIndex = 0; path = SkinSyncWidgetsExtension.appex; sourceTree = BUILT_PRODUCTS_DIR; };
		FF608B302E9BAE08006E0773 /* SkinSyncWidgetsExtension.entitlements */ = {isa = PBXFileReference; lastKnownFileType = text.plist.entitlements; path = SkinSyncWidgetsExtension.entitlements; sourceTree = "<group>"; };
		FF608B782E9BD428006E0773 /* SkinSyncTest.xctest */ = {isa = PBXFileReference; explicitFileType = wrapper.cfbundle; includeInIndex = 0; path = SkinSyncTest.xctest; sourceTree = BUILT_PRODUCTS_DIR; };
		FF608BB12E9BD641006E0773 /* XCTest.framework */ = {isa = PBXFileReference; lastKnownFileType = wrapper.framework; name = XCTest.framework; path = Platforms/iPhoneOS.platform/Developer/Library/Frameworks/XCTest.framework; sourceTree = DEVELOPER_DIR; };
		FF608BFF2E9BDF70006E0773 /* SkinSync.docc */ = {isa = PBXFileReference; lastKnownFileType = folder.documentationcatalog; path = SkinSync.docc; sourceTree = "<group>"; };
		FF6D2FB32E9AB09900AB353D /* SyncAIView.swift */ = {isa = PBXFileReference; lastKnownFileType = sourcecode.swift; path = SyncAIView.swift; sourceTree = "<group>"; };
		FF6D2FB52E9AB3FA00AB353D /* OpenAIService.swift */ = {isa = PBXFileReference; lastKnownFileType = sourcecode.swift; path = OpenAIService.swift; sourceTree = "<group>"; };
		FF6D2FB72E9AB40600AB353D /* SyncAIViewModel.swift */ = {isa = PBXFileReference; lastKnownFileType = sourcecode.swift; path = SyncAIViewModel.swift; sourceTree = "<group>"; };
		FF6D2FB92E9AC83400AB353D /* ProfileEditorViews.swift */ = {isa = PBXFileReference; lastKnownFileType = sourcecode.swift; path = ProfileEditorViews.swift; sourceTree = "<group>"; };
		FF70F3802E98E66A00728BC5 /* ScannerPage.swift */ = {isa = PBXFileReference; lastKnownFileType = sourcecode.swift; path = ScannerPage.swift; sourceTree = "<group>"; };
		FF70F3822E9A32D900728BC5 /* RoutineView.swift */ = {isa = PBXFileReference; lastKnownFileType = sourcecode.swift; path = RoutineView.swift; sourceTree = "<group>"; };
		FF70F3842E9A33C000728BC5 /* NotificationViewModel.swift */ = {isa = PBXFileReference; lastKnownFileType = sourcecode.swift; path = NotificationViewModel.swift; sourceTree = "<group>"; };
		FF935AA62E62031200D412DD /* SkinSync.app */ = {isa = PBXFileReference; explicitFileType = wrapper.application; includeInIndex = 0; path = SkinSync.app; sourceTree = BUILT_PRODUCTS_DIR; };
		FF935AF22E62056200D412DD /* AppModel.swift */ = {isa = PBXFileReference; lastKnownFileType = sourcecode.swift; path = AppModel.swift; sourceTree = "<group>"; };
		FF935AF32E62056200D412DD /* SkinSyncApp.swift */ = {isa = PBXFileReference; lastKnownFileType = sourcecode.swift; path = SkinSyncApp.swift; sourceTree = "<group>"; };
		FF935AF42E62056200D412DD /* Theme.swift */ = {isa = PBXFileReference; lastKnownFileType = sourcecode.swift; path = Theme.swift; sourceTree = "<group>"; };
		FF935AF62E62056200D412DD /* Domain.swift */ = {isa = PBXFileReference; lastKnownFileType = sourcecode.swift; path = Domain.swift; sourceTree = "<group>"; };
		FF935AF82E62056200D412DD /* products.json */ = {isa = PBXFileReference; lastKnownFileType = text.json; path = products.json; sourceTree = "<group>"; };
		FF935AFA2E62056200D412DD /* DataStore.swift */ = {isa = PBXFileReference; lastKnownFileType = sourcecode.swift; path = DataStore.swift; sourceTree = "<group>"; };
		FF935AFB2E62056200D412DD /* ImageLoader.swift */ = {isa = PBXFileReference; lastKnownFileType = sourcecode.swift; path = ImageLoader.swift; sourceTree = "<group>"; };
		FF935AFD2E62056200D412DD /* IngredientCloudLayout.swift */ = {isa = PBXFileReference; lastKnownFileType = sourcecode.swift; path = IngredientCloudLayout.swift; sourceTree = "<group>"; };
		FF935B012E62056200D412DD /* RootAndScreens.swift */ = {isa = PBXFileReference; lastKnownFileType = sourcecode.swift; path = RootAndScreens.swift; sourceTree = "<group>"; };
		FF935B0D2E620D1A00D412DD /* NotificationScheduler.swift */ = {isa = PBXFileReference; lastKnownFileType = sourcecode.swift; path = NotificationScheduler.swift; sourceTree = "<group>"; };
		FF935B0F2E620D4100D412DD /* APIs.swift */ = {isa = PBXFileReference; lastKnownFileType = sourcecode.swift; path = APIs.swift; sourceTree = "<group>"; };
		FF935B112E620D5400D412DD /* Camera.swift */ = {isa = PBXFileReference; lastKnownFileType = sourcecode.swift; path = Camera.swift; sourceTree = "<group>"; };
		FF935B172E62190E00D412DD /* MyRoutineScreen.swift */ = {isa = PBXFileReference; lastKnownFileType = sourcecode.swift; path = MyRoutineScreen.swift; sourceTree = "<group>"; };
		FF935B2D2E62C4D300D412DD /* ProductsScreen.swift */ = {isa = PBXFileReference; lastKnownFileType = sourcecode.swift; path = ProductsScreen.swift; sourceTree = "<group>"; };
		FF935B2F2E62C50900D412DD /* ProductsViewModel.swift */ = {isa = PBXFileReference; lastKnownFileType = sourcecode.swift; path = ProductsViewModel.swift; sourceTree = "<group>"; };
		FF935B312E62D33D00D412DD /* RoutineViewModel.swift */ = {isa = PBXFileReference; lastKnownFileType = sourcecode.swift; path = RoutineViewModel.swift; sourceTree = "<group>"; };
		FF935B332E62D35900D412DD /* HomeViewModel.swift */ = {isa = PBXFileReference; lastKnownFileType = sourcecode.swift; path = HomeViewModel.swift; sourceTree = "<group>"; };
		FF935B352E62D36B00D412DD /* ProfileViewModel.swift */ = {isa = PBXFileReference; lastKnownFileType = sourcecode.swift; path = ProfileViewModel.swift; sourceTree = "<group>"; };
		FF935B372E62D37A00D412DD /* ScanViewModel.swift */ = {isa = PBXFileReference; lastKnownFileType = sourcecode.swift; path = ScanViewModel.swift; sourceTree = "<group>"; };
		FF935B762E63480200D412DD /* ProductDetailView.swift */ = {isa = PBXFileReference; lastKnownFileType = sourcecode.swift; path = ProductDetailView.swift; sourceTree = "<group>"; };
		FF935B7A2E63564A00D412DD /* FavoritesScreen.swift */ = {isa = PBXFileReference; lastKnownFileType = sourcecode.swift; path = FavoritesScreen.swift; sourceTree = "<group>"; };
		FF935B7C2E6366BE00D412DD /* RemindersSettingsView.swift */ = {isa = PBXFileReference; lastKnownFileType = sourcecode.swift; path = RemindersSettingsView.swift; sourceTree = "<group>"; };
		FFE900F12E915D0E00DDC574 /* ProfileView.swift */ = {isa = PBXFileReference; lastKnownFileType = sourcecode.swift; path = ProfileView.swift; sourceTree = "<group>"; };
		FFE900F32E91656C00DDC574 /* UVIndexService.swift */ = {isa = PBXFileReference; lastKnownFileType = sourcecode.swift; path = UVIndexService.swift; sourceTree = "<group>"; };
		FFE900F52E91658300DDC574 /* UVIndexViewModel.swift */ = {isa = PBXFileReference; lastKnownFileType = sourcecode.swift; path = UVIndexViewModel.swift; sourceTree = "<group>"; };
		FFE900F72E91659000DDC574 /* UVIndexView.swift */ = {isa = PBXFileReference; lastKnownFileType = sourcecode.swift; path = UVIndexView.swift; sourceTree = "<group>"; };
		FFE901B92E98775200DDC574 /* ProductDetailViewModel.swift */ = {isa = PBXFileReference; lastKnownFileType = sourcecode.swift; path = ProductDetailViewModel.swift; sourceTree = "<group>"; };
		FFE901C12E987C6700DDC574 /* AssetOrRemoteImage.swift */ = {isa = PBXFileReference; lastKnownFileType = sourcecode.swift; path = AssetOrRemoteImage.swift; sourceTree = "<group>"; };
		FFE901C32E98C98300DDC574 /* ProductRepository.swift */ = {isa = PBXFileReference; lastKnownFileType = sourcecode.swift; path = ProductRepository.swift; sourceTree = "<group>"; };
/* End PBXFileReference section */

/* Begin PBXFileSystemSynchronizedBuildFileExceptionSet section */
		FF608B2F2E9BADA6006E0773 /* Exceptions for "SkinSyncWidgets" folder in "SkinSyncWidgetsExtension" target */ = {
			isa = PBXFileSystemSynchronizedBuildFileExceptionSet;
			membershipExceptions = (
				Info.plist,
			);
			target = FF608B152E9BAD59006E0773 /* SkinSyncWidgetsExtension */;
		};
		FF935B142E62119000D412DD /* Exceptions for "SkinSync" folder in "SkinSync" target */ = {
			isa = PBXFileSystemSynchronizedBuildFileExceptionSet;
			membershipExceptions = (
				Info.plist,
			);
			target = FF935AA52E62031200D412DD /* SkinSync */;
		};
/* End PBXFileSystemSynchronizedBuildFileExceptionSet section */

/* Begin PBXFileSystemSynchronizedRootGroup section */
		FF608B192E9BAD59006E0773 /* SkinSyncWidgets */ = {
			isa = PBXFileSystemSynchronizedRootGroup;
			exceptions = (
				FF608B2F2E9BADA6006E0773 /* Exceptions for "SkinSyncWidgets" folder in "SkinSyncWidgetsExtension" target */,
			);
			path = SkinSyncWidgets;
			sourceTree = "<group>";
		};
		FF608B792E9BD428006E0773 /* SkinSyncTest */ = {
			isa = PBXFileSystemSynchronizedRootGroup;
			path = SkinSyncTest;
			sourceTree = "<group>";
		};
		FF935AA82E62031200D412DD /* SkinSync */ = {
			isa = PBXFileSystemSynchronizedRootGroup;
			exceptions = (
				FF935B142E62119000D412DD /* Exceptions for "SkinSync" folder in "SkinSync" target */,
			);
			path = SkinSync;
			sourceTree = "<group>";
		};
/* End PBXFileSystemSynchronizedRootGroup section */

/* Begin PBXFrameworksBuildPhase section */
		FF608B132E9BAD59006E0773 /* Frameworks */ = {
			isa = PBXFrameworksBuildPhase;
			buildActionMask = 2147483647;
			files = (
				FF608B182E9BAD59006E0773 /* SwiftUI.framework in Frameworks */,
				FF608B172E9BAD59006E0773 /* WidgetKit.framework in Frameworks */,
			);
			runOnlyForDeploymentPostprocessing = 0;
		};
		FF608B752E9BD428006E0773 /* Frameworks */ = {
			isa = PBXFrameworksBuildPhase;
			buildActionMask = 2147483647;
			files = (
				FF608BB22E9BD642006E0773 /* XCTest.framework in Frameworks */,
			);
			runOnlyForDeploymentPostprocessing = 0;
		};
		FF935AA32E62031200D412DD /* Frameworks */ = {
			isa = PBXFrameworksBuildPhase;
			buildActionMask = 2147483647;
			files = (
				F5476B1D2E9B1ED600656F06 /* GoogleSignIn in Frameworks */,
				F5476B222E9B1F3400656F06 /* FirebaseAuth in Frameworks */,
				F5476B242E9B1F3400656F06 /* FirebaseCore in Frameworks */,
				F5476B262E9B1F3400656F06 /* FirebaseFirestore in Frameworks */,
				F5476B1F2E9B1ED600656F06 /* GoogleSignInSwift in Frameworks */,
			);
			runOnlyForDeploymentPostprocessing = 0;
		};
/* End PBXFrameworksBuildPhase section */

/* Begin PBXGroup section */
		FF608AF82E9BACCB006E0773 /* Frameworks */ = {
			isa = PBXGroup;
			children = (
				FF608BB12E9BD641006E0773 /* XCTest.framework */,
				FF608AF92E9BACCB006E0773 /* WidgetKit.framework */,
				FF608AFB2E9BACCB006E0773 /* SwiftUI.framework */,
			);
			name = Frameworks;
			sourceTree = "<group>";
		};
		FF935A9D2E62031100D412DD = {
			isa = PBXGroup;
			children = (
				FF608BFF2E9BDF70006E0773 /* SkinSync.docc */,
				FF608B302E9BAE08006E0773 /* SkinSyncWidgetsExtension.entitlements */,
				FF935AF52E62056200D412DD /* Core */,
				FF935AF72E62056200D412DD /* Models */,
				FF935AF92E62056200D412DD /* Resources */,
				FF935AFC2E62056200D412DD /* Services */,
				FF935AFE2E62056200D412DD /* Utils */,
				FF935B002E62056200D412DD /* ViewModels */,
				FF935B022E62056200D412DD /* Views */,
				FF935AA82E62031200D412DD /* SkinSync */,
				FF608B192E9BAD59006E0773 /* SkinSyncWidgets */,
				FF608B792E9BD428006E0773 /* SkinSyncTest */,
				FF608AF82E9BACCB006E0773 /* Frameworks */,
				FF935AA72E62031200D412DD /* Products */,
			);
			sourceTree = "<group>";
		};
		FF935AA72E62031200D412DD /* Products */ = {
			isa = PBXGroup;
			children = (
				FF935AA62E62031200D412DD /* SkinSync.app */,
				FF608B162E9BAD59006E0773 /* SkinSyncWidgetsExtension.appex */,
				FF608B782E9BD428006E0773 /* SkinSyncTest.xctest */,
			);
			name = Products;
			sourceTree = "<group>";
		};
		FF935AF52E62056200D412DD /* Core */ = {
			isa = PBXGroup;
			children = (
				F5476B272E9B222A00656F06 /* FirebaseManager.swift */,
				FF935AF22E62056200D412DD /* AppModel.swift */,
				FF935AF32E62056200D412DD /* SkinSyncApp.swift */,
				FF935AF42E62056200D412DD /* Theme.swift */,
			);
			path = Core;
			sourceTree = "<group>";
		};
		FF935AF72E62056200D412DD /* Models */ = {
			isa = PBXGroup;
			children = (
				FF608AC02E9B8EE3006E0773 /* SwiftDataModels.swift */,
				FF935AF62E62056200D412DD /* Domain.swift */,
			);
			path = Models;
			sourceTree = "<group>";
		};
		FF935AF92E62056200D412DD /* Resources */ = {
			isa = PBXGroup;
			children = (
				FF935AF82E62056200D412DD /* products.json */,
			);
			path = Resources;
			sourceTree = "<group>";
		};
		FF935AFC2E62056200D412DD /* Services */ = {
			isa = PBXGroup;
			children = (
				FF608AC22E9B901D006E0773 /* SwiftDataService.swift */,
				F5476B362E9B6E3D00656F06 /* FavoritesService.swift */,
				F5476B342E9B530100656F06 /* RoutineService.swift */,
				F5476B312E9B433C00656F06 /* ProfileService.swift */,
				F5476B292E9B225200656F06 /* AuthService.swift */,
				FF6D2FB52E9AB3FA00AB353D /* OpenAIService.swift */,
				FFE901C32E98C98300DDC574 /* ProductRepository.swift */,
				FFE900F32E91656C00DDC574 /* UVIndexService.swift */,
				FF935B112E620D5400D412DD /* Camera.swift */,
				FF935B0F2E620D4100D412DD /* APIs.swift */,
				FF935B0D2E620D1A00D412DD /* NotificationScheduler.swift */,
				FF935AFA2E62056200D412DD /* DataStore.swift */,
				FF935AFB2E62056200D412DD /* ImageLoader.swift */,
			);
			path = Services;
			sourceTree = "<group>";
		};
		FF935AFE2E62056200D412DD /* Utils */ = {
			isa = PBXGroup;
			children = (
				FF935AFD2E62056200D412DD /* IngredientCloudLayout.swift */,
			);
			path = Utils;
			sourceTree = "<group>";
		};
		FF935B002E62056200D412DD /* ViewModels */ = {
			isa = PBXGroup;
			children = (
				FF608AC42E9B9029006E0773 /* SettingsViewModel.swift */,
				F5476B2B2E9B227100656F06 /* AuthViewModel.swift */,
				FF6D2FB72E9AB40600AB353D /* SyncAIViewModel.swift */,
				FF70F3842E9A33C000728BC5 /* NotificationViewModel.swift */,
				FFE901B92E98775200DDC574 /* ProductDetailViewModel.swift */,
				FFE900F52E91658300DDC574 /* UVIndexViewModel.swift */,
				FF935B372E62D37A00D412DD /* ScanViewModel.swift */,
				FF935B352E62D36B00D412DD /* ProfileViewModel.swift */,
				FF935B332E62D35900D412DD /* HomeViewModel.swift */,
				FF935B312E62D33D00D412DD /* RoutineViewModel.swift */,
				FF935B2F2E62C50900D412DD /* ProductsViewModel.swift */,
			);
			path = ViewModels;
			sourceTree = "<group>";
		};
		FF935B022E62056200D412DD /* Views */ = {
			isa = PBXGroup;
			children = (
				F5476B2F2E9B2FF300656F06 /* LoginView.swift */,
				FF6D2FB92E9AC83400AB353D /* ProfileEditorViews.swift */,
				FF6D2FB32E9AB09900AB353D /* SyncAIView.swift */,
				FF70F3822E9A32D900728BC5 /* RoutineView.swift */,
				FF70F3802E98E66A00728BC5 /* ScannerPage.swift */,
				FFE901C12E987C6700DDC574 /* AssetOrRemoteImage.swift */,
				FFE900F72E91659000DDC574 /* UVIndexView.swift */,
				FFE900F12E915D0E00DDC574 /* ProfileView.swift */,
				FF935B7C2E6366BE00D412DD /* RemindersSettingsView.swift */,
				FF935B7A2E63564A00D412DD /* FavoritesScreen.swift */,
				FF935B762E63480200D412DD /* ProductDetailView.swift */,
				FF935B2D2E62C4D300D412DD /* ProductsScreen.swift */,
				FF935B172E62190E00D412DD /* MyRoutineScreen.swift */,
				FF935B012E62056200D412DD /* RootAndScreens.swift */,
			);
			path = Views;
			sourceTree = "<group>";
		};
/* End PBXGroup section */

/* Begin PBXNativeTarget section */
		FF608B152E9BAD59006E0773 /* SkinSyncWidgetsExtension */ = {
			isa = PBXNativeTarget;
			buildConfigurationList = FF608B2A2E9BAD5B006E0773 /* Build configuration list for PBXNativeTarget "SkinSyncWidgetsExtension" */;
			buildPhases = (
				FF608B122E9BAD59006E0773 /* Sources */,
				FF608B132E9BAD59006E0773 /* Frameworks */,
				FF608B142E9BAD59006E0773 /* Resources */,
			);
			buildRules = (
			);
			dependencies = (
			);
			fileSystemSynchronizedGroups = (
				FF608B192E9BAD59006E0773 /* SkinSyncWidgets */,
			);
			name = SkinSyncWidgetsExtension;
			packageProductDependencies = (
			);
			productName = SkinSyncWidgetsExtension;
			productReference = FF608B162E9BAD59006E0773 /* SkinSyncWidgetsExtension.appex */;
			productType = "com.apple.product-type.app-extension";
		};
		FF608B772E9BD428006E0773 /* SkinSyncTest */ = {
			isa = PBXNativeTarget;
			buildConfigurationList = FF608B7E2E9BD429006E0773 /* Build configuration list for PBXNativeTarget "SkinSyncTest" */;
			buildPhases = (
				FF608B742E9BD428006E0773 /* Sources */,
				FF608B752E9BD428006E0773 /* Frameworks */,
				FF608B762E9BD428006E0773 /* Resources */,
			);
			buildRules = (
			);
			dependencies = (
				FF608B7D2E9BD429006E0773 /* PBXTargetDependency */,
			);
			fileSystemSynchronizedGroups = (
				FF608B792E9BD428006E0773 /* SkinSyncTest */,
			);
			name = SkinSyncTest;
			packageProductDependencies = (
			);
			productName = SkinSyncTest;
			productReference = FF608B782E9BD428006E0773 /* SkinSyncTest.xctest */;
			productType = "com.apple.product-type.bundle.unit-test";
		};
		FF935AA52E62031200D412DD /* SkinSync */ = {
			isa = PBXNativeTarget;
			buildConfigurationList = FF935AB12E62031300D412DD /* Build configuration list for PBXNativeTarget "SkinSync" */;
			buildPhases = (
				FF935AA22E62031200D412DD /* Sources */,
				FF935AA32E62031200D412DD /* Frameworks */,
				FF935AA42E62031200D412DD /* Resources */,
				FF608AEC2E9BA6D7006E0773 /* Embed Foundation Extensions */,
			);
			buildRules = (
			);
			dependencies = (
				FF608B282E9BAD5B006E0773 /* PBXTargetDependency */,
			);
			fileSystemSynchronizedGroups = (
				FF935AA82E62031200D412DD /* SkinSync */,
			);
			name = SkinSync;
			packageProductDependencies = (
				F5476B1C2E9B1ED600656F06 /* GoogleSignIn */,
				F5476B1E2E9B1ED600656F06 /* GoogleSignInSwift */,
				F5476B212E9B1F3400656F06 /* FirebaseAuth */,
				F5476B232E9B1F3400656F06 /* FirebaseCore */,
				F5476B252E9B1F3400656F06 /* FirebaseFirestore */,
			);
			productName = SkinSync;
			productReference = FF935AA62E62031200D412DD /* SkinSync.app */;
			productType = "com.apple.product-type.application";
		};
/* End PBXNativeTarget section */

/* Begin PBXProject section */
		FF935A9E2E62031100D412DD /* Project object */ = {
			isa = PBXProject;
			attributes = {
				BuildIndependentTargetsInParallel = 1;
				LastSwiftUpdateCheck = 1640;
				LastUpgradeCheck = 1640;
				TargetAttributes = {
					FF608B152E9BAD59006E0773 = {
						CreatedOnToolsVersion = 16.4;
					};
					FF608B772E9BD428006E0773 = {
						CreatedOnToolsVersion = 16.4;
						TestTargetID = FF935AA52E62031200D412DD;
					};
					FF935AA52E62031200D412DD = {
						CreatedOnToolsVersion = 16.4;
					};
				};
			};
			buildConfigurationList = FF935AA12E62031100D412DD /* Build configuration list for PBXProject "SkinSync" */;
			developmentRegion = en;
			hasScannedForEncodings = 0;
			knownRegions = (
				en,
				Base,
			);
			mainGroup = FF935A9D2E62031100D412DD;
			minimizedProjectReferenceProxies = 1;
			packageReferences = (
				F5476B1B2E9B1ED600656F06 /* XCRemoteSwiftPackageReference "GoogleSignIn-iOS" */,
				F5476B202E9B1F3400656F06 /* XCRemoteSwiftPackageReference "firebase-ios-sdk" */,
			);
			preferredProjectObjectVersion = 77;
			productRefGroup = FF935AA72E62031200D412DD /* Products */;
			projectDirPath = "";
			projectRoot = "";
			targets = (
				FF935AA52E62031200D412DD /* SkinSync */,
				FF608B152E9BAD59006E0773 /* SkinSyncWidgetsExtension */,
				FF608B772E9BD428006E0773 /* SkinSyncTest */,
			);
		};
/* End PBXProject section */

/* Begin PBXResourcesBuildPhase section */
		FF608B142E9BAD59006E0773 /* Resources */ = {
			isa = PBXResourcesBuildPhase;
			buildActionMask = 2147483647;
			files = (
			);
			runOnlyForDeploymentPostprocessing = 0;
		};
		FF608B762E9BD428006E0773 /* Resources */ = {
			isa = PBXResourcesBuildPhase;
			buildActionMask = 2147483647;
			files = (
			);
			runOnlyForDeploymentPostprocessing = 0;
		};
		FF935AA42E62031200D412DD /* Resources */ = {
			isa = PBXResourcesBuildPhase;
			buildActionMask = 2147483647;
			files = (
				FF935B032E62056200D412DD /* products.json in Resources */,
			);
			runOnlyForDeploymentPostprocessing = 0;
		};
/* End PBXResourcesBuildPhase section */

/* Begin PBXSourcesBuildPhase section */
		FF608B122E9BAD59006E0773 /* Sources */ = {
			isa = PBXSourcesBuildPhase;
			buildActionMask = 2147483647;
			files = (
			);
			runOnlyForDeploymentPostprocessing = 0;
		};
		FF608B742E9BD428006E0773 /* Sources */ = {
			isa = PBXSourcesBuildPhase;
			buildActionMask = 2147483647;
			files = (
			);
			runOnlyForDeploymentPostprocessing = 0;
		};
		FF935AA22E62031200D412DD /* Sources */ = {
			isa = PBXSourcesBuildPhase;
			buildActionMask = 2147483647;
			files = (
				F5476B372E9B6E5D00656F06 /* FavoritesService.swift in Sources */,
				F5476B282E9B223200656F06 /* FirebaseManager.swift in Sources */,
				F5476B322E9B434A00656F06 /* ProfileService.swift in Sources */,
				FF935B342E62D36000D412DD /* HomeViewModel.swift in Sources */,
				FF935B042E62056200D412DD /* SkinSyncApp.swift in Sources */,
				FFE900F82E91659000DDC574 /* UVIndexView.swift in Sources */,
				FF608C002E9BDF70006E0773 /* SkinSync.docc in Sources */,
				FF70F3852E9A33C000728BC5 /* NotificationViewModel.swift in Sources */,
				FF935B052E62056200D412DD /* DataStore.swift in Sources */,
				FFE900F42E91656C00DDC574 /* UVIndexService.swift in Sources */,
				FF608AC32E9B901D006E0773 /* SwiftDataService.swift in Sources */,
				F5476B2A2E9B225A00656F06 /* AuthService.swift in Sources */,
				F5476B302E9B2FF600656F06 /* LoginView.swift in Sources */,
				FF935B302E62C51300D412DD /* ProductsViewModel.swift in Sources */,
				FFE901C22E987C6700DDC574 /* AssetOrRemoteImage.swift in Sources */,
				FF935B7B2E63565900D412DD /* FavoritesScreen.swift in Sources */,
				FF935B322E62D34A00D412DD /* RoutineViewModel.swift in Sources */,
				FF935B0E2E620D2900D412DD /* NotificationScheduler.swift in Sources */,
				FF935B062E62056200D412DD /* ImageLoader.swift in Sources */,
				F5476B352E9B530600656F06 /* RoutineService.swift in Sources */,
				FF935B772E63481200D412DD /* ProductDetailView.swift in Sources */,
				FF935B072E62056200D412DD /* AppModel.swift in Sources */,
				FF935B102E620D4700D412DD /* APIs.swift in Sources */,
				FF935B092E62056200D412DD /* Theme.swift in Sources */,
				FFE901C42E98C98300DDC574 /* ProductRepository.swift in Sources */,
				FF70F3812E98E66A00728BC5 /* ScannerPage.swift in Sources */,
				FFE900F62E91658300DDC574 /* UVIndexViewModel.swift in Sources */,
				FF935B182E62191600D412DD /* MyRoutineScreen.swift in Sources */,
				FF6D2FB62E9AB3FA00AB353D /* OpenAIService.swift in Sources */,
				FF935B2E2E62C4E200D412DD /* ProductsScreen.swift in Sources */,
				FF935B7D2E6366C700D412DD /* RemindersSettingsView.swift in Sources */,
				F5476B2C2E9B227B00656F06 /* AuthViewModel.swift in Sources */,
				FF6D2FB42E9AB09900AB353D /* SyncAIView.swift in Sources */,
				FF935B362E62D37100D412DD /* ProfileViewModel.swift in Sources */,
				FFE900F22E915D0E00DDC574 /* ProfileView.swift in Sources */,
				FF935B382E62D38000D412DD /* ScanViewModel.swift in Sources */,
				FF935B122E620D5D00D412DD /* Camera.swift in Sources */,
				FF935B0A2E62056200D412DD /* IngredientCloudLayout.swift in Sources */,
				FF935B0B2E62056200D412DD /* Domain.swift in Sources */,
				FF6D2FBA2E9AC83400AB353D /* ProfileEditorViews.swift in Sources */,
				FF70F3832E9A32D900728BC5 /* RoutineView.swift in Sources */,
				FF935B0C2E62056200D412DD /* RootAndScreens.swift in Sources */,
				FF608AC12E9B8EE3006E0773 /* SwiftDataModels.swift in Sources */,
				FFE901BA2E98775200DDC574 /* ProductDetailViewModel.swift in Sources */,
				FF6D2FB82E9AB40600AB353D /* SyncAIViewModel.swift in Sources */,
				FF608AC52E9B9029006E0773 /* SettingsViewModel.swift in Sources */,
			);
			runOnlyForDeploymentPostprocessing = 0;
		};
/* End PBXSourcesBuildPhase section */

/* Begin PBXTargetDependency section */
		FF608B282E9BAD5B006E0773 /* PBXTargetDependency */ = {
			isa = PBXTargetDependency;
			target = FF608B152E9BAD59006E0773 /* SkinSyncWidgetsExtension */;
			targetProxy = FF608B272E9BAD5B006E0773 /* PBXContainerItemProxy */;
		};
		FF608B7D2E9BD429006E0773 /* PBXTargetDependency */ = {
			isa = PBXTargetDependency;
			target = FF935AA52E62031200D412DD /* SkinSync */;
			targetProxy = FF608B7C2E9BD429006E0773 /* PBXContainerItemProxy */;
		};
/* End PBXTargetDependency section */

/* Begin XCBuildConfiguration section */
		FF608B2B2E9BAD5B006E0773 /* Debug */ = {
			isa = XCBuildConfiguration;
			buildSettings = {
				ASSETCATALOG_COMPILER_GLOBAL_ACCENT_COLOR_NAME = AccentColor;
				ASSETCATALOG_COMPILER_WIDGET_BACKGROUND_COLOR_NAME = WidgetBackground;
				CODE_SIGN_ENTITLEMENTS = SkinSyncWidgetsExtension.entitlements;
				CODE_SIGN_STYLE = Automatic;
				CURRENT_PROJECT_VERSION = 1;
				DEVELOPMENT_TEAM = L85BJKH5DQ;
				GENERATE_INFOPLIST_FILE = YES;
				INFOPLIST_FILE = SkinSyncWidgets/Info.plist;
				INFOPLIST_KEY_CFBundleDisplayName = SkinSyncWidgets;
				INFOPLIST_KEY_NSHumanReadableCopyright = "";
				LD_RUNPATH_SEARCH_PATHS = (
					"$(inherited)",
					"@executable_path/Frameworks",
					"@executable_path/../../Frameworks",
				);
				MARKETING_VERSION = 1.0;
				PRODUCT_BUNDLE_IDENTIFIER = Test.SkinSync114.SkinSyncWidgets;
				PRODUCT_NAME = "$(TARGET_NAME)";
				SKIP_INSTALL = YES;
				SWIFT_EMIT_LOC_STRINGS = YES;
				SWIFT_VERSION = 5.0;
				TARGETED_DEVICE_FAMILY = "1,2";
			};
			name = Debug;
		};
		FF608B2C2E9BAD5B006E0773 /* Release */ = {
			isa = XCBuildConfiguration;
			buildSettings = {
				ASSETCATALOG_COMPILER_GLOBAL_ACCENT_COLOR_NAME = AccentColor;
				ASSETCATALOG_COMPILER_WIDGET_BACKGROUND_COLOR_NAME = WidgetBackground;
				CODE_SIGN_ENTITLEMENTS = SkinSyncWidgetsExtension.entitlements;
				CODE_SIGN_STYLE = Automatic;
				CURRENT_PROJECT_VERSION = 1;
				DEVELOPMENT_TEAM = L85BJKH5DQ;
				GENERATE_INFOPLIST_FILE = YES;
				INFOPLIST_FILE = SkinSyncWidgets/Info.plist;
				INFOPLIST_KEY_CFBundleDisplayName = SkinSyncWidgets;
				INFOPLIST_KEY_NSHumanReadableCopyright = "";
				LD_RUNPATH_SEARCH_PATHS = (
					"$(inherited)",
					"@executable_path/Frameworks",
					"@executable_path/../../Frameworks",
				);
				MARKETING_VERSION = 1.0;
				PRODUCT_BUNDLE_IDENTIFIER = Test.SkinSync114.SkinSyncWidgets;
				PRODUCT_NAME = "$(TARGET_NAME)";
				SKIP_INSTALL = YES;
				SWIFT_EMIT_LOC_STRINGS = YES;
				SWIFT_VERSION = 5.0;
				TARGETED_DEVICE_FAMILY = "1,2";
			};
			name = Release;
		};
		FF608B7F2E9BD429006E0773 /* Debug */ = {
			isa = XCBuildConfiguration;
			buildSettings = {
				BUNDLE_LOADER = "$(TEST_HOST)";
				CODE_SIGN_STYLE = Automatic;
				CURRENT_PROJECT_VERSION = 1;
				DEVELOPMENT_TEAM = L85BJKH5DQ;
				GENERATE_INFOPLIST_FILE = YES;
				MARKETING_VERSION = 1.0;
				PRODUCT_BUNDLE_IDENTIFIER = Test.SkinSync114.SkinSyncTest;
				PRODUCT_NAME = "$(TARGET_NAME)";
				SWIFT_EMIT_LOC_STRINGS = NO;
				SWIFT_VERSION = 5.0;
				TARGETED_DEVICE_FAMILY = "1,2";
				TEST_HOST = "$(BUILT_PRODUCTS_DIR)/SkinSync.app/$(BUNDLE_EXECUTABLE_FOLDER_PATH)/SkinSync";
			};
			name = Debug;
		};
		FF608B802E9BD429006E0773 /* Release */ = {
			isa = XCBuildConfiguration;
			buildSettings = {
				BUNDLE_LOADER = "$(TEST_HOST)";
				CODE_SIGN_STYLE = Automatic;
				CURRENT_PROJECT_VERSION = 1;
				DEVELOPMENT_TEAM = L85BJKH5DQ;
				GENERATE_INFOPLIST_FILE = YES;
				MARKETING_VERSION = 1.0;
				PRODUCT_BUNDLE_IDENTIFIER = Test.SkinSync114.SkinSyncTest;
				PRODUCT_NAME = "$(TARGET_NAME)";
				SWIFT_EMIT_LOC_STRINGS = NO;
				SWIFT_VERSION = 5.0;
				TARGETED_DEVICE_FAMILY = "1,2";
				TEST_HOST = "$(BUILT_PRODUCTS_DIR)/SkinSync.app/$(BUNDLE_EXECUTABLE_FOLDER_PATH)/SkinSync";
			};
			name = Release;
		};
		FF935AAF2E62031300D412DD /* Debug */ = {
			isa = XCBuildConfiguration;
			buildSettings = {
				ALWAYS_SEARCH_USER_PATHS = NO;
				ASSETCATALOG_COMPILER_GENERATE_SWIFT_ASSET_SYMBOL_EXTENSIONS = YES;
				CLANG_ANALYZER_NONNULL = YES;
				CLANG_ANALYZER_NUMBER_OBJECT_CONVERSION = YES_AGGRESSIVE;
				CLANG_CXX_LANGUAGE_STANDARD = "gnu++20";
				CLANG_ENABLE_MODULES = YES;
				CLANG_ENABLE_OBJC_ARC = YES;
				CLANG_ENABLE_OBJC_WEAK = YES;
				CLANG_WARN_BLOCK_CAPTURE_AUTORELEASING = YES;
				CLANG_WARN_BOOL_CONVERSION = YES;
				CLANG_WARN_COMMA = YES;
				CLANG_WARN_CONSTANT_CONVERSION = YES;
				CLANG_WARN_DEPRECATED_OBJC_IMPLEMENTATIONS = YES;
				CLANG_WARN_DIRECT_OBJC_ISA_USAGE = YES_ERROR;
				CLANG_WARN_DOCUMENTATION_COMMENTS = YES;
				CLANG_WARN_EMPTY_BODY = YES;
				CLANG_WARN_ENUM_CONVERSION = YES;
				CLANG_WARN_INFINITE_RECURSION = YES;
				CLANG_WARN_INT_CONVERSION = YES;
				CLANG_WARN_NON_LITERAL_NULL_CONVERSION = YES;
				CLANG_WARN_OBJC_IMPLICIT_RETAIN_SELF = YES;
				CLANG_WARN_OBJC_LITERAL_CONVERSION = YES;
				CLANG_WARN_OBJC_ROOT_CLASS = YES_ERROR;
				CLANG_WARN_QUOTED_INCLUDE_IN_FRAMEWORK_HEADER = YES;
				CLANG_WARN_RANGE_LOOP_ANALYSIS = YES;
				CLANG_WARN_STRICT_PROTOTYPES = YES;
				CLANG_WARN_SUSPICIOUS_MOVE = YES;
				CLANG_WARN_UNGUARDED_AVAILABILITY = YES_AGGRESSIVE;
				CLANG_WARN_UNREACHABLE_CODE = YES;
				CLANG_WARN__DUPLICATE_METHOD_MATCH = YES;
				COPY_PHASE_STRIP = NO;
				DEBUG_INFORMATION_FORMAT = dwarf;
				ENABLE_STRICT_OBJC_MSGSEND = YES;
				ENABLE_TESTABILITY = YES;
				ENABLE_USER_SCRIPT_SANDBOXING = YES;
				GCC_C_LANGUAGE_STANDARD = gnu17;
				GCC_DYNAMIC_NO_PIC = NO;
				GCC_NO_COMMON_BLOCKS = YES;
				GCC_OPTIMIZATION_LEVEL = 0;
				GCC_PREPROCESSOR_DEFINITIONS = (
					"DEBUG=1",
					"$(inherited)",
				);
				GCC_WARN_64_TO_32_BIT_CONVERSION = YES;
				GCC_WARN_ABOUT_RETURN_TYPE = YES_ERROR;
				GCC_WARN_UNDECLARED_SELECTOR = YES;
				GCC_WARN_UNINITIALIZED_AUTOS = YES_AGGRESSIVE;
				GCC_WARN_UNUSED_FUNCTION = YES;
				GCC_WARN_UNUSED_VARIABLE = YES;
				IPHONEOS_DEPLOYMENT_TARGET = 18.5;
				LOCALIZATION_PREFERS_STRING_CATALOGS = YES;
				MTL_ENABLE_DEBUG_INFO = INCLUDE_SOURCE;
				MTL_FAST_MATH = YES;
				ONLY_ACTIVE_ARCH = YES;
				SDKROOT = iphoneos;
				SWIFT_ACTIVE_COMPILATION_CONDITIONS = "DEBUG $(inherited)";
				SWIFT_OPTIMIZATION_LEVEL = "-Onone";
			};
			name = Debug;
		};
		FF935AB02E62031300D412DD /* Release */ = {
			isa = XCBuildConfiguration;
			buildSettings = {
				ALWAYS_SEARCH_USER_PATHS = NO;
				ASSETCATALOG_COMPILER_GENERATE_SWIFT_ASSET_SYMBOL_EXTENSIONS = YES;
				CLANG_ANALYZER_NONNULL = YES;
				CLANG_ANALYZER_NUMBER_OBJECT_CONVERSION = YES_AGGRESSIVE;
				CLANG_CXX_LANGUAGE_STANDARD = "gnu++20";
				CLANG_ENABLE_MODULES = YES;
				CLANG_ENABLE_OBJC_ARC = YES;
				CLANG_ENABLE_OBJC_WEAK = YES;
				CLANG_WARN_BLOCK_CAPTURE_AUTORELEASING = YES;
				CLANG_WARN_BOOL_CONVERSION = YES;
				CLANG_WARN_COMMA = YES;
				CLANG_WARN_CONSTANT_CONVERSION = YES;
				CLANG_WARN_DEPRECATED_OBJC_IMPLEMENTATIONS = YES;
				CLANG_WARN_DIRECT_OBJC_ISA_USAGE = YES_ERROR;
				CLANG_WARN_DOCUMENTATION_COMMENTS = YES;
				CLANG_WARN_EMPTY_BODY = YES;
				CLANG_WARN_ENUM_CONVERSION = YES;
				CLANG_WARN_INFINITE_RECURSION = YES;
				CLANG_WARN_INT_CONVERSION = YES;
				CLANG_WARN_NON_LITERAL_NULL_CONVERSION = YES;
				CLANG_WARN_OBJC_IMPLICIT_RETAIN_SELF = YES;
				CLANG_WARN_OBJC_LITERAL_CONVERSION = YES;
				CLANG_WARN_OBJC_ROOT_CLASS = YES_ERROR;
				CLANG_WARN_QUOTED_INCLUDE_IN_FRAMEWORK_HEADER = YES;
				CLANG_WARN_RANGE_LOOP_ANALYSIS = YES;
				CLANG_WARN_STRICT_PROTOTYPES = YES;
				CLANG_WARN_SUSPICIOUS_MOVE = YES;
				CLANG_WARN_UNGUARDED_AVAILABILITY = YES_AGGRESSIVE;
				CLANG_WARN_UNREACHABLE_CODE = YES;
				CLANG_WARN__DUPLICATE_METHOD_MATCH = YES;
				COPY_PHASE_STRIP = NO;
				DEBUG_INFORMATION_FORMAT = "dwarf-with-dsym";
				ENABLE_NS_ASSERTIONS = NO;
				ENABLE_STRICT_OBJC_MSGSEND = YES;
				ENABLE_USER_SCRIPT_SANDBOXING = YES;
				GCC_C_LANGUAGE_STANDARD = gnu17;
				GCC_NO_COMMON_BLOCKS = YES;
				GCC_WARN_64_TO_32_BIT_CONVERSION = YES;
				GCC_WARN_ABOUT_RETURN_TYPE = YES_ERROR;
				GCC_WARN_UNDECLARED_SELECTOR = YES;
				GCC_WARN_UNINITIALIZED_AUTOS = YES_AGGRESSIVE;
				GCC_WARN_UNUSED_FUNCTION = YES;
				GCC_WARN_UNUSED_VARIABLE = YES;
				IPHONEOS_DEPLOYMENT_TARGET = 18.5;
				LOCALIZATION_PREFERS_STRING_CATALOGS = YES;
				MTL_ENABLE_DEBUG_INFO = NO;
				MTL_FAST_MATH = YES;
				SDKROOT = iphoneos;
				SWIFT_COMPILATION_MODE = wholemodule;
				VALIDATE_PRODUCT = YES;
			};
			name = Release;
		};
		FF935AB22E62031300D412DD /* Debug */ = {
			isa = XCBuildConfiguration;
			buildSettings = {
				ASSETCATALOG_COMPILER_APPICON_NAME = AppIcon;
				ASSETCATALOG_COMPILER_GLOBAL_ACCENT_COLOR_NAME = AccentColor;
				CODE_SIGN_ENTITLEMENTS = SkinSync/SkinSync.entitlements;
				CODE_SIGN_STYLE = Automatic;
				CURRENT_PROJECT_VERSION = 1;
				DEVELOPMENT_TEAM = L85BJKH5DQ;
				ENABLE_PREVIEWS = YES;
				GENERATE_INFOPLIST_FILE = YES;
				INFOPLIST_FILE = SkinSync/Info.plist;
				INFOPLIST_KEY_NSCameraUsageDescription = "SkinSync uses the camera to scan product barcodes and analyze your skin for personalized skincare recommendations.";
				INFOPLIST_KEY_NSLocationWhenInUseUsageDescription = "SkinSync uses your location to provide current UV index information for better skincare recommendations.";
				INFOPLIST_KEY_UIApplicationSceneManifest_Generation = YES;
				INFOPLIST_KEY_UIApplicationSupportsIndirectInputEvents = YES;
				INFOPLIST_KEY_UILaunchScreen_Generation = YES;
				INFOPLIST_KEY_UISupportedInterfaceOrientations_iPad = "UIInterfaceOrientationPortrait UIInterfaceOrientationPortraitUpsideDown UIInterfaceOrientationLandscapeLeft UIInterfaceOrientationLandscapeRight";
				INFOPLIST_KEY_UISupportedInterfaceOrientations_iPhone = "UIInterfaceOrientationPortrait UIInterfaceOrientationLandscapeLeft UIInterfaceOrientationLandscapeRight";
				LD_RUNPATH_SEARCH_PATHS = (
					"$(inherited)",
					"@executable_path/Frameworks",
				);
				MARKETING_VERSION = 1.0;
				PRODUCT_BUNDLE_IDENTIFIER = Test.SkinSync114;
				PRODUCT_NAME = "$(TARGET_NAME)";
				SWIFT_EMIT_LOC_STRINGS = YES;
				SWIFT_VERSION = 5.0;
				TARGETED_DEVICE_FAMILY = "1,2";
			};
			name = Debug;
		};
		FF935AB32E62031300D412DD /* Release */ = {
			isa = XCBuildConfiguration;
			buildSettings = {
				ASSETCATALOG_COMPILER_APPICON_NAME = AppIcon;
				ASSETCATALOG_COMPILER_GLOBAL_ACCENT_COLOR_NAME = AccentColor;
				CODE_SIGN_ENTITLEMENTS = SkinSync/SkinSync.entitlements;
				CODE_SIGN_STYLE = Automatic;
				CURRENT_PROJECT_VERSION = 1;
				DEVELOPMENT_TEAM = L85BJKH5DQ;
				ENABLE_PREVIEWS = YES;
				GENERATE_INFOPLIST_FILE = YES;
				INFOPLIST_FILE = SkinSync/Info.plist;
				INFOPLIST_KEY_NSCameraUsageDescription = "SkinSync uses the camera to scan product barcodes and analyze your skin for personalized skincare recommendations.";
				INFOPLIST_KEY_NSLocationWhenInUseUsageDescription = "SkinSync uses your location to provide current UV index information for better skincare recommendations.";
				INFOPLIST_KEY_UIApplicationSceneManifest_Generation = YES;
				INFOPLIST_KEY_UIApplicationSupportsIndirectInputEvents = YES;
				INFOPLIST_KEY_UILaunchScreen_Generation = YES;
				INFOPLIST_KEY_UISupportedInterfaceOrientations_iPad = "UIInterfaceOrientationPortrait UIInterfaceOrientationPortraitUpsideDown UIInterfaceOrientationLandscapeLeft UIInterfaceOrientationLandscapeRight";
				INFOPLIST_KEY_UISupportedInterfaceOrientations_iPhone = "UIInterfaceOrientationPortrait UIInterfaceOrientationLandscapeLeft UIInterfaceOrientationLandscapeRight";
				LD_RUNPATH_SEARCH_PATHS = (
					"$(inherited)",
					"@executable_path/Frameworks",
				);
				MARKETING_VERSION = 1.0;
				PRODUCT_BUNDLE_IDENTIFIER = Test.SkinSync114;
				PRODUCT_NAME = "$(TARGET_NAME)";
				SWIFT_EMIT_LOC_STRINGS = YES;
				SWIFT_VERSION = 5.0;
				TARGETED_DEVICE_FAMILY = "1,2";
			};
			name = Release;
		};
/* End XCBuildConfiguration section */

/* Begin XCConfigurationList section */
		FF608B2A2E9BAD5B006E0773 /* Build configuration list for PBXNativeTarget "SkinSyncWidgetsExtension" */ = {
			isa = XCConfigurationList;
			buildConfigurations = (
				FF608B2B2E9BAD5B006E0773 /* Debug */,
				FF608B2C2E9BAD5B006E0773 /* Release */,
			);
			defaultConfigurationIsVisible = 0;
			defaultConfigurationName = Release;
		};
		FF608B7E2E9BD429006E0773 /* Build configuration list for PBXNativeTarget "SkinSyncTest" */ = {
			isa = XCConfigurationList;
			buildConfigurations = (
				FF608B7F2E9BD429006E0773 /* Debug */,
				FF608B802E9BD429006E0773 /* Release */,
			);
			defaultConfigurationIsVisible = 0;
			defaultConfigurationName = Release;
		};
		FF935AA12E62031100D412DD /* Build configuration list for PBXProject "SkinSync" */ = {
			isa = XCConfigurationList;
			buildConfigurations = (
				FF935AAF2E62031300D412DD /* Debug */,
				FF935AB02E62031300D412DD /* Release */,
			);
			defaultConfigurationIsVisible = 0;
			defaultConfigurationName = Release;
		};
		FF935AB12E62031300D412DD /* Build configuration list for PBXNativeTarget "SkinSync" */ = {
			isa = XCConfigurationList;
			buildConfigurations = (
				FF935AB22E62031300D412DD /* Debug */,
				FF935AB32E62031300D412DD /* Release */,
			);
			defaultConfigurationIsVisible = 0;
			defaultConfigurationName = Release;
		};
/* End XCConfigurationList section */

/* Begin XCRemoteSwiftPackageReference section */
		F5476B1B2E9B1ED600656F06 /* XCRemoteSwiftPackageReference "GoogleSignIn-iOS" */ = {
			isa = XCRemoteSwiftPackageReference;
			repositoryURL = "https://github.com/google/GoogleSignIn-iOS";
			requirement = {
				kind = upToNextMajorVersion;
				minimumVersion = 9.0.0;
			};
		};
		F5476B202E9B1F3400656F06 /* XCRemoteSwiftPackageReference "firebase-ios-sdk" */ = {
			isa = XCRemoteSwiftPackageReference;
			repositoryURL = "https://github.com/firebase/firebase-ios-sdk.git";
			requirement = {
				kind = upToNextMajorVersion;
				minimumVersion = 12.4.0;
			};
		};
/* End XCRemoteSwiftPackageReference section */

/* Begin XCSwiftPackageProductDependency section */
		F5476B1C2E9B1ED600656F06 /* GoogleSignIn */ = {
			isa = XCSwiftPackageProductDependency;
			package = F5476B1B2E9B1ED600656F06 /* XCRemoteSwiftPackageReference "GoogleSignIn-iOS" */;
			productName = GoogleSignIn;
		};
		F5476B1E2E9B1ED600656F06 /* GoogleSignInSwift */ = {
			isa = XCSwiftPackageProductDependency;
			package = F5476B1B2E9B1ED600656F06 /* XCRemoteSwiftPackageReference "GoogleSignIn-iOS" */;
			productName = GoogleSignInSwift;
		};
		F5476B212E9B1F3400656F06 /* FirebaseAuth */ = {
			isa = XCSwiftPackageProductDependency;
			package = F5476B202E9B1F3400656F06 /* XCRemoteSwiftPackageReference "firebase-ios-sdk" */;
			productName = FirebaseAuth;
		};
		F5476B232E9B1F3400656F06 /* FirebaseCore */ = {
			isa = XCSwiftPackageProductDependency;
			package = F5476B202E9B1F3400656F06 /* XCRemoteSwiftPackageReference "firebase-ios-sdk" */;
			productName = FirebaseCore;
		};
		F5476B252E9B1F3400656F06 /* FirebaseFirestore */ = {
			isa = XCSwiftPackageProductDependency;
			package = F5476B202E9B1F3400656F06 /* XCRemoteSwiftPackageReference "firebase-ios-sdk" */;
			productName = FirebaseFirestore;
		};
/* End XCSwiftPackageProductDependency section */
	};
	rootObject = FF935A9E2E62031100D412DD /* Project object */;
}
